Microsoft Visual Studio Solution File, Format Version 12.00
# Visual Studio Version 17
VisualStudioVersion = 17.0.31611.283
MinimumVisualStudioVersion = 10.0.40219.1
Project("{9A19103F-16F7-4668-BE54-9A1E7A4F7556}") = "MauiBlazorApp", "MauiBlazorApp.csproj", "{0670910A-BB61-4F1B-8253-2C50B20990A2}"
EndProject
Project("{FAE04EC0-301F-11D3-BF4B-00C04F79EFBC}") = "RazorLibrary", "..\RazorLibrary\RazorLibrary.csproj", "{6DC9AE46-DD81-4ED9-9382-4CDA8C7AF2FE}"
EndProject
Project("{FAE04EC0-301F-11D3-BF4B-00C04F79EFBC}") = "BlazorServerApp", "..\BlazorServerApp\BlazorServerApp.csproj", "{180C6E89-1B7D-4F6A-A377-59A872A468CC}"
EndProject
Global
	GlobalSection(SolutionConfigurationPlatforms) = preSolution
		Debug|Any CPU = Debug|Any CPU
		Release|Any CPU = Release|Any CPU
	EndGlobalSection
	GlobalSection(ProjectConfigurationPlatforms) = postSolution
		{0670910A-BB61-4F1B-8253-2C50B20990A2}.Debug|Any CPU.ActiveCfg = Debug|Any CPU
		{0670910A-BB61-4F1B-8253-2C50B20990A2}.Debug|Any CPU.Build.0 = Debug|Any CPU
		{0670910A-BB61-4F1B-8253-2C50B20990A2}.Debug|Any CPU.Deploy.0 = Debug|Any CPU
		{0670910A-BB61-4F1B-8253-2C50B20990A2}.Release|Any CPU.ActiveCfg = Release|Any CPU
		{0670910A-BB61-4F1B-8253-2C50B20990A2}.Release|Any CPU.Build.0 = Release|Any CPU
		{0670910A-BB61-4F1B-8253-2C50B20990A2}.Release|Any CPU.Deploy.0 = Release|Any CPU
		{6DC9AE46-DD81-4ED9-9382-4CDA8C7AF2FE}.Debug|Any CPU.ActiveCfg = Debug|Any CPU
		{6DC9AE46-DD81-4ED9-9382-4CDA8C7AF2FE}.Debug|Any CPU.Build.0 = Debug|Any CPU
		{6DC9AE46-DD81-4ED9-9382-4CDA8C7AF2FE}.Release|Any CPU.ActiveCfg = Release|Any CPU
		{6DC9AE46-DD81-4ED9-9382-4CDA8C7AF2FE}.Release|Any CPU.Build.0 = Release|Any CPU
		{180C6E89-1B7D-4F6A-A377-59A872A468CC}.Debug|Any CPU.ActiveCfg = Debug|Any CPU
		{180C6E89-1B7D-4F6A-A377-59A872A468CC}.Debug|Any CPU.Build.0 = Debug|Any CPU
		{180C6E89-1B7D-4F6A-A377-59A872A468CC}.Release|Any CPU.ActiveCfg = Release|Any CPU
		{180C6E89-1B7D-4F6A-A377-59A872A468CC}.Release|Any CPU.Build.0 = Release|Any CPU
	EndGlobalSection
	GlobalSection(SolutionProperties) = preSolution
		HideSolutionNode = FALSE
	EndGlobalSection
	GlobalSection(ExtensibilityGlobals) = postSolution
		SolutionGuid = {61F7FB11-1E47-470C-91E2-47F8143E1572}
	EndGlobalSection
EndGlobal
